PODS:
  - bixat_key_mouse (0.0.1):
    - FlutterMacOS
  - FlutterMacOS (1.0.0)
  - keypress_simulator_macos (0.0.1):
    - FlutterMacOS

DEPENDENCIES:
  - bixat_key_mouse (from `Flutter/ephemeral/.symlinks/plugins/bixat_key_mouse/macos`)
  - FlutterMacOS (from `Flutter/ephemeral`)
  - keypress_simulator_macos (from `Flutter/ephemeral/.symlinks/plugins/keypress_simulator_macos/macos`)

EXTERNAL SOURCES:
  bixat_key_mouse:
    :path: Flutter/ephemeral/.symlinks/plugins/bixat_key_mouse/macos
  FlutterMacOS:
    :path: Flutter/ephemeral
  keypress_simulator_macos:
    :path: Flutter/ephemeral/.symlinks/plugins/keypress_simulator_macos/macos

SPEC CHECKSUMS:
  bixat_key_mouse: a48eae57da7bf31a1009c1e7119200da5d4d1431
  FlutterMacOS: c232990155153907050900a2e175c7773903ba4e
  keypress_simulator_macos: f8556f9101f9f2f175652e0bceddf0fe82a4c6b2

PODFILE CHECKSUM: 1e95c36afbfd1cb6423ceca4de7a8e1b256fb6ac

COCOAPODS: 1.16.2
